
Microsoft Visual Studio Solution File, Format Version 12.00
# Visual Studio Version 17
VisualStudioVersion = 17.12.35521.163 d17.12
MinimumVisualStudioVersion = 10.0.40219.1
Project("{FAE04EC0-301F-11D3-BF4B-00C04F79EFBC}") = "C#FOR1", "C#FOR1\C#FOR1.csproj", "{49834123-FDA2-4AB5-AFF6-8F0A0728897A}"
EndProject
Project("{FAE04EC0-301F-11D3-BF4B-00C04F79EFBC}") = "C#FOR1Tests", "C#FOR1Tests\C#FOR1Tests.csproj", "{6C926A9F-AA9F-41D7-9E5D-950033D885DF}"
EndProject
Global
	GlobalSection(SolutionConfigurationPlatforms) = preSolution
		Debug|Any CPU = Debug|Any CPU
		Release|Any CPU = Release|Any CPU
	EndGlobalSection
	GlobalSection(ProjectConfigurationPlatforms) = postSolution
		{49834123-FDA2-4AB5-AFF6-8F0A0728897A}.Debug|Any CPU.ActiveCfg = Debug|Any CPU
		{49834123-FDA2-4AB5-AFF6-8F0A0728897A}.Debug|Any CPU.Build.0 = Debug|Any CPU
		{49834123-FDA2-4AB5-AFF6-8F0A0728897A}.Release|Any CPU.ActiveCfg = Release|Any CPU
		{49834123-FDA2-4AB5-AFF6-8F0A0728897A}.Release|Any CPU.Build.0 = Release|Any CPU
		{6C926A9F-AA9F-41D7-9E5D-950033D885DF}.Debug|Any CPU.ActiveCfg = Debug|Any CPU
		{6C926A9F-AA9F-41D7-9E5D-950033D885DF}.Debug|Any CPU.Build.0 = Debug|Any CPU
		{6C926A9F-AA9F-41D7-9E5D-950033D885DF}.Release|Any CPU.ActiveCfg = Release|Any CPU
		{6C926A9F-AA9F-41D7-9E5D-950033D885DF}.Release|Any CPU.Build.0 = Release|Any CPU
	EndGlobalSection
	GlobalSection(SolutionProperties) = preSolution
		HideSolutionNode = FALSE
	EndGlobalSection
EndGlobal
